
Microsoft Visual Studio Solution File, Format Version 12.00
# Visual Studio Version 17
VisualStudioVersion = 17.0.31903.59
MinimumVisualStudioVersion = 10.0.40219.1
Project("{2150E333-8FDC-42A3-9474-1A3956D46DE8}") = "docs", "docs", "{214A799A-CA25-4A22-88A3-2EA3DB98284B}"
	ProjectSection(SolutionItems) = preProject
		..\API_DOCUMENTATION.md = ..\API_DOCUMENTATION.md
		..\ARCHITECTURE.md = ..\ARCHITECTURE.md
		..\OUTBOX_PATTERN_IMPROVEMENTS.md = ..\OUTBOX_PATTERN_IMPROVEMENTS.md
		..\README.md = ..\README.md
	EndProjectSection
EndProject
Project("{2150E333-8FDC-42A3-9474-1A3956D46DE8}") = ".git", ".git", "{A5760606-ECFA-439C-813A-64F5E84C0155}"
	ProjectSection(SolutionItems) = preProject
		.git\.gitignore = .git\.gitignore
	EndProjectSection
EndProject
Project("{2150E333-8FDC-42A3-9474-1A3956D46DE8}") = "src", "src", "{827E0CD3-B72D-47B6-A68D-7590B98EB39B}"
EndProject
Project("{FAE04EC0-301F-11D3-BF4B-00C04F79EFBC}") = "CQRSSolution.Api", "CQRSSolution.Api\CQRSSolution.Api.csproj", "{0392C6BD-5DF2-4742-90D9-E5EE8C9E0952}"
EndProject
Project("{FAE04EC0-301F-11D3-BF4B-00C04F79EFBC}") = "CQRSSolution.Application", "CQRSSolution.Application\CQRSSolution.Application.csproj", "{78FCE156-0738-48ED-9BB2-803E2B4F6E47}"
EndProject
Project("{FAE04EC0-301F-11D3-BF4B-00C04F79EFBC}") = "CQRSSolution.Domain", "CQRSSolution.Domain\CQRSSolution.Domain.csproj", "{F475A99D-C3C8-4842-BBDB-8D52F31D6BD8}"
EndProject
Project("{FAE04EC0-301F-11D3-BF4B-00C04F79EFBC}") = "CQRSSolution.Infrastructure", "CQRSSolution.Infrastructure\CQRSSolution.Infrastructure.csproj", "{0ECF65DD-C39F-44E3-8E26-2C8F70540D8A}"
EndProject
Project("{FAE04EC0-301F-11D3-BF4B-00C04F79EFBC}") = "CQRSSolution.OutboxProcessor.AzureFunctions", "CQRSSolution.OutboxProcessor.AzureFunctions\CQRSSolution.OutboxProcessor.AzureFunctions.csproj", "{7083EECC-AE57-405B-8AC7-35C574508FDE}"
EndProject
Project("{2150E333-8FDC-42A3-9474-1A3956D46DE8}") = "tests", "tests", "{0AB3BF05-4346-4AA6-1389-037BE0695223}"
EndProject
Project("{FAE04EC0-301F-11D3-BF4B-00C04F79EFBC}") = "CQRSSolution.IntegrationTests", "CQRSSolution.IntegrationTests\CQRSSolution.IntegrationTests.csproj", "{3D3A7DDD-982F-4414-A19C-19A2B39DFF6A}"
EndProject
Project("{FAE04EC0-301F-11D3-BF4B-00C04F79EFBC}") = "CQRSSolution.UnitTests", "CQRSSolution.UnitTests\CQRSSolution.UnitTests.csproj", "{DC6028AA-0DE1-4D83-B21E-61FDEE343CCB}"
EndProject
Global
	GlobalSection(SolutionConfigurationPlatforms) = preSolution
		Debug|Any CPU = Debug|Any CPU
		Debug|x64 = Debug|x64
		Debug|x86 = Debug|x86
		Release|Any CPU = Release|Any CPU
		Release|x64 = Release|x64
		Release|x86 = Release|x86
	EndGlobalSection
	GlobalSection(ProjectConfigurationPlatforms) = postSolution
		{0392C6BD-5DF2-4742-90D9-E5EE8C9E0952}.Debug|Any CPU.ActiveCfg = Debug|Any CPU
		{0392C6BD-5DF2-4742-90D9-E5EE8C9E0952}.Debug|Any CPU.Build.0 = Debug|Any CPU
		{0392C6BD-5DF2-4742-90D9-E5EE8C9E0952}.Debug|x64.ActiveCfg = Debug|Any CPU
		{0392C6BD-5DF2-4742-90D9-E5EE8C9E0952}.Debug|x64.Build.0 = Debug|Any CPU
		{0392C6BD-5DF2-4742-90D9-E5EE8C9E0952}.Debug|x86.ActiveCfg = Debug|Any CPU
		{0392C6BD-5DF2-4742-90D9-E5EE8C9E0952}.Debug|x86.Build.0 = Debug|Any CPU
		{0392C6BD-5DF2-4742-90D9-E5EE8C9E0952}.Release|Any CPU.ActiveCfg = Release|Any CPU
		{0392C6BD-5DF2-4742-90D9-E5EE8C9E0952}.Release|Any CPU.Build.0 = Release|Any CPU
		{0392C6BD-5DF2-4742-90D9-E5EE8C9E0952}.Release|x64.ActiveCfg = Release|Any CPU
		{0392C6BD-5DF2-4742-90D9-E5EE8C9E0952}.Release|x64.Build.0 = Release|Any CPU
		{0392C6BD-5DF2-4742-90D9-E5EE8C9E0952}.Release|x86.ActiveCfg = Release|Any CPU
		{0392C6BD-5DF2-4742-90D9-E5EE8C9E0952}.Release|x86.Build.0 = Release|Any CPU
		{78FCE156-0738-48ED-9BB2-803E2B4F6E47}.Debug|Any CPU.ActiveCfg = Debug|Any CPU
		{78FCE156-0738-48ED-9BB2-803E2B4F6E47}.Debug|Any CPU.Build.0 = Debug|Any CPU
		{78FCE156-0738-48ED-9BB2-803E2B4F6E47}.Debug|x64.ActiveCfg = Debug|Any CPU
		{78FCE156-0738-48ED-9BB2-803E2B4F6E47}.Debug|x64.Build.0 = Debug|Any CPU
		{78FCE156-0738-48ED-9BB2-803E2B4F6E47}.Debug|x86.ActiveCfg = Debug|Any CPU
		{78FCE156-0738-48ED-9BB2-803E2B4F6E47}.Debug|x86.Build.0 = Debug|Any CPU
		{78FCE156-0738-48ED-9BB2-803E2B4F6E47}.Release|Any CPU.ActiveCfg = Release|Any CPU
		{78FCE156-0738-48ED-9BB2-803E2B4F6E47}.Release|Any CPU.Build.0 = Release|Any CPU
		{78FCE156-0738-48ED-9BB2-803E2B4F6E47}.Release|x64.ActiveCfg = Release|Any CPU
		{78FCE156-0738-48ED-9BB2-803E2B4F6E47}.Release|x64.Build.0 = Release|Any CPU
		{78FCE156-0738-48ED-9BB2-803E2B4F6E47}.Release|x86.ActiveCfg = Release|Any CPU
		{78FCE156-0738-48ED-9BB2-803E2B4F6E47}.Release|x86.Build.0 = Release|Any CPU
		{F475A99D-C3C8-4842-BBDB-8D52F31D6BD8}.Debug|Any CPU.ActiveCfg = Debug|Any CPU
		{F475A99D-C3C8-4842-BBDB-8D52F31D6BD8}.Debug|Any CPU.Build.0 = Debug|Any CPU
		{F475A99D-C3C8-4842-BBDB-8D52F31D6BD8}.Debug|x64.ActiveCfg = Debug|Any CPU
		{F475A99D-C3C8-4842-BBDB-8D52F31D6BD8}.Debug|x64.Build.0 = Debug|Any CPU
		{F475A99D-C3C8-4842-BBDB-8D52F31D6BD8}.Debug|x86.ActiveCfg = Debug|Any CPU
		{F475A99D-C3C8-4842-BBDB-8D52F31D6BD8}.Debug|x86.Build.0 = Debug|Any CPU
		{F475A99D-C3C8-4842-BBDB-8D52F31D6BD8}.Release|Any CPU.ActiveCfg = Release|Any CPU
		{F475A99D-C3C8-4842-BBDB-8D52F31D6BD8}.Release|Any CPU.Build.0 = Release|Any CPU
		{F475A99D-C3C8-4842-BBDB-8D52F31D6BD8}.Release|x64.ActiveCfg = Release|Any CPU
		{F475A99D-C3C8-4842-BBDB-8D52F31D6BD8}.Release|x64.Build.0 = Release|Any CPU
		{F475A99D-C3C8-4842-BBDB-8D52F31D6BD8}.Release|x86.ActiveCfg = Release|Any CPU
		{F475A99D-C3C8-4842-BBDB-8D52F31D6BD8}.Release|x86.Build.0 = Release|Any CPU
		{0ECF65DD-C39F-44E3-8E26-2C8F70540D8A}.Debug|Any CPU.ActiveCfg = Debug|Any CPU
		{0ECF65DD-C39F-44E3-8E26-2C8F70540D8A}.Debug|Any CPU.Build.0 = Debug|Any CPU
		{0ECF65DD-C39F-44E3-8E26-2C8F70540D8A}.Debug|x64.ActiveCfg = Debug|Any CPU
		{0ECF65DD-C39F-44E3-8E26-2C8F70540D8A}.Debug|x64.Build.0 = Debug|Any CPU
		{0ECF65DD-C39F-44E3-8E26-2C8F70540D8A}.Debug|x86.ActiveCfg = Debug|Any CPU
		{0ECF65DD-C39F-44E3-8E26-2C8F70540D8A}.Debug|x86.Build.0 = Debug|Any CPU
		{0ECF65DD-C39F-44E3-8E26-2C8F70540D8A}.Release|Any CPU.ActiveCfg = Release|Any CPU
		{0ECF65DD-C39F-44E3-8E26-2C8F70540D8A}.Release|Any CPU.Build.0 = Release|Any CPU
		{0ECF65DD-C39F-44E3-8E26-2C8F70540D8A}.Release|x64.ActiveCfg = Release|Any CPU
		{0ECF65DD-C39F-44E3-8E26-2C8F70540D8A}.Release|x64.Build.0 = Release|Any CPU
		{0ECF65DD-C39F-44E3-8E26-2C8F70540D8A}.Release|x86.ActiveCfg = Release|Any CPU
		{0ECF65DD-C39F-44E3-8E26-2C8F70540D8A}.Release|x86.Build.0 = Release|Any CPU
		{7083EECC-AE57-405B-8AC7-35C574508FDE}.Debug|Any CPU.ActiveCfg = Debug|Any CPU
		{7083EECC-AE57-405B-8AC7-35C574508FDE}.Debug|Any CPU.Build.0 = Debug|Any CPU
		{7083EECC-AE57-405B-8AC7-35C574508FDE}.Debug|x64.ActiveCfg = Debug|Any CPU
		{7083EECC-AE57-405B-8AC7-35C574508FDE}.Debug|x64.Build.0 = Debug|Any CPU
		{7083EECC-AE57-405B-8AC7-35C574508FDE}.Debug|x86.ActiveCfg = Debug|Any CPU
		{7083EECC-AE57-405B-8AC7-35C574508FDE}.Debug|x86.Build.0 = Debug|Any CPU
		{7083EECC-AE57-405B-8AC7-35C574508FDE}.Release|Any CPU.ActiveCfg = Release|Any CPU
		{7083EECC-AE57-405B-8AC7-35C574508FDE}.Release|Any CPU.Build.0 = Release|Any CPU
		{7083EECC-AE57-405B-8AC7-35C574508FDE}.Release|x64.ActiveCfg = Release|Any CPU
		{7083EECC-AE57-405B-8AC7-35C574508FDE}.Release|x64.Build.0 = Release|Any CPU
		{7083EECC-AE57-405B-8AC7-35C574508FDE}.Release|x86.ActiveCfg = Release|Any CPU
		{7083EECC-AE57-405B-8AC7-35C574508FDE}.Release|x86.Build.0 = Release|Any CPU
		{3D3A7DDD-982F-4414-A19C-19A2B39DFF6A}.Debug|Any CPU.ActiveCfg = Debug|Any CPU
		{3D3A7DDD-982F-4414-A19C-19A2B39DFF6A}.Debug|Any CPU.Build.0 = Debug|Any CPU
		{3D3A7DDD-982F-4414-A19C-19A2B39DFF6A}.Debug|x64.ActiveCfg = Debug|Any CPU
		{3D3A7DDD-982F-4414-A19C-19A2B39DFF6A}.Debug|x64.Build.0 = Debug|Any CPU
		{3D3A7DDD-982F-4414-A19C-19A2B39DFF6A}.Debug|x86.ActiveCfg = Debug|Any CPU
		{3D3A7DDD-982F-4414-A19C-19A2B39DFF6A}.Debug|x86.Build.0 = Debug|Any CPU
		{3D3A7DDD-982F-4414-A19C-19A2B39DFF6A}.Release|Any CPU.ActiveCfg = Release|Any CPU
		{3D3A7DDD-982F-4414-A19C-19A2B39DFF6A}.Release|Any CPU.Build.0 = Release|Any CPU
		{3D3A7DDD-982F-4414-A19C-19A2B39DFF6A}.Release|x64.ActiveCfg = Release|Any CPU
		{3D3A7DDD-982F-4414-A19C-19A2B39DFF6A}.Release|x64.Build.0 = Release|Any CPU
		{3D3A7DDD-982F-4414-A19C-19A2B39DFF6A}.Release|x86.ActiveCfg = Release|Any CPU
		{3D3A7DDD-982F-4414-A19C-19A2B39DFF6A}.Release|x86.Build.0 = Release|Any CPU
		{DC6028AA-0DE1-4D83-B21E-61FDEE343CCB}.Debug|Any CPU.ActiveCfg = Debug|Any CPU
		{DC6028AA-0DE1-4D83-B21E-61FDEE343CCB}.Debug|Any CPU.Build.0 = Debug|Any CPU
		{DC6028AA-0DE1-4D83-B21E-61FDEE343CCB}.Debug|x64.ActiveCfg = Debug|Any CPU
		{DC6028AA-0DE1-4D83-B21E-61FDEE343CCB}.Debug|x64.Build.0 = Debug|Any CPU
		{DC6028AA-0DE1-4D83-B21E-61FDEE343CCB}.Debug|x86.ActiveCfg = Debug|Any CPU
		{DC6028AA-0DE1-4D83-B21E-61FDEE343CCB}.Debug|x86.Build.0 = Debug|Any CPU
		{DC6028AA-0DE1-4D83-B21E-61FDEE343CCB}.Release|Any CPU.ActiveCfg = Release|Any CPU
		{DC6028AA-0DE1-4D83-B21E-61FDEE343CCB}.Release|Any CPU.Build.0 = Release|Any CPU
		{DC6028AA-0DE1-4D83-B21E-61FDEE343CCB}.Release|x64.ActiveCfg = Release|Any CPU
		{DC6028AA-0DE1-4D83-B21E-61FDEE343CCB}.Release|x64.Build.0 = Release|Any CPU
		{DC6028AA-0DE1-4D83-B21E-61FDEE343CCB}.Release|x86.ActiveCfg = Release|Any CPU
		{DC6028AA-0DE1-4D83-B21E-61FDEE343CCB}.Release|x86.Build.0 = Release|Any CPU
	EndGlobalSection
	GlobalSection(SolutionProperties) = preSolution
		HideSolutionNode = FALSE
	EndGlobalSection
	GlobalSection(NestedProjects) = preSolution
		{0392C6BD-5DF2-4742-90D9-E5EE8C9E0952} = {827E0CD3-B72D-47B6-A68D-7590B98EB39B}
		{78FCE156-0738-48ED-9BB2-803E2B4F6E47} = {827E0CD3-B72D-47B6-A68D-7590B98EB39B}
		{F475A99D-C3C8-4842-BBDB-8D52F31D6BD8} = {827E0CD3-B72D-47B6-A68D-7590B98EB39B}
		{0ECF65DD-C39F-44E3-8E26-2C8F70540D8A} = {827E0CD3-B72D-47B6-A68D-7590B98EB39B}
		{7083EECC-AE57-405B-8AC7-35C574508FDE} = {827E0CD3-B72D-47B6-A68D-7590B98EB39B}
		{3D3A7DDD-982F-4414-A19C-19A2B39DFF6A} = {0AB3BF05-4346-4AA6-1389-037BE0695223}
		{DC6028AA-0DE1-4D83-B21E-61FDEE343CCB} = {0AB3BF05-4346-4AA6-1389-037BE0695223}
	EndGlobalSection
EndGlobal
